
Microsoft Visual Studio Solution File, Format Version 12.00
# Visual Studio Version 17
VisualStudioVersion = 17.8.34330.188
MinimumVisualStudioVersion = 10.0.40219.1
Project("{FAE04EC0-301F-11D3-BF4B-00C04F79EFBC}") = "CleanerPC", "CleanerPC\CleanerPC.csproj", "{D56C9012-7B38-4D0C-B84E-1B46296CD8E8}"
EndProject
Global
	GlobalSection(SolutionConfigurationPlatforms) = preSolution
		Debug|Any CPU = Debug|Any CPU
		Release|Any CPU = Release|Any CPU
	EndGlobalSection
	GlobalSection(ProjectConfigurationPlatforms) = postSolution
		{D56C9012-7B38-4D0C-B84E-1B46296CD8E8}.Debug|Any CPU.ActiveCfg = Debug|Any CPU
		{D56C9012-7B38-4D0C-B84E-1B46296CD8E8}.Debug|Any CPU.Build.0 = Debug|Any CPU
		{D56C9012-7B38-4D0C-B84E-1B46296CD8E8}.Release|Any CPU.ActiveCfg = Release|Any CPU
		{D56C9012-7B38-4D0C-B84E-1B46296CD8E8}.Release|Any CPU.Build.0 = Release|Any CPU
	EndGlobalSection
	GlobalSection(SolutionProperties) = preSolution
		HideSolutionNode = FALSE
	EndGlobalSection
	GlobalSection(ExtensibilityGlobals) = postSolution
		SolutionGuid = {4CB1CEAC-D1B6-4803-9313-0073A5E29E95}
	EndGlobalSection
EndGlobal
